
Microsoft Visual Studio Solution File, Format Version 12.00
# Visual Studio Version 17
VisualStudioVersion = 17.13.35828.75 d17.13
MinimumVisualStudioVersion = 10.0.40219.1
Project("{FAE04EC0-301F-11D3-BF4B-00C04F79EFBC}") = "Problema_mais-velho", "Problema_mais-velho\Problema_mais-velho.csproj", "{B9FDE60D-095B-483F-BFC1-EC1D65EB7C2A}"
EndProject
Global
	GlobalSection(SolutionConfigurationPlatforms) = preSolution
		Debug|Any CPU = Debug|Any CPU
		Release|Any CPU = Release|Any CPU
	EndGlobalSection
	GlobalSection(ProjectConfigurationPlatforms) = postSolution
		{B9FDE60D-095B-483F-BFC1-EC1D65EB7C2A}.Debug|Any CPU.ActiveCfg = Debug|Any CPU
		{B9FDE60D-095B-483F-BFC1-EC1D65EB7C2A}.Debug|Any CPU.Build.0 = Debug|Any CPU
		{B9FDE60D-095B-483F-BFC1-EC1D65EB7C2A}.Release|Any CPU.ActiveCfg = Release|Any CPU
		{B9FDE60D-095B-483F-BFC1-EC1D65EB7C2A}.Release|Any CPU.Build.0 = Release|Any CPU
	EndGlobalSection
	GlobalSection(SolutionProperties) = preSolution
		HideSolutionNode = FALSE
	EndGlobalSection
	GlobalSection(ExtensibilityGlobals) = postSolution
		SolutionGuid = {3A5A14FF-FCD1-43AE-933E-9F7D2FA26D79}
	EndGlobalSection
EndGlobal
