
Microsoft Visual Studio Solution File, Format Version 12.00
# Visual Studio Version 17
VisualStudioVersion = 17.13.35828.75 d17.13
MinimumVisualStudioVersion = 10.0.40219.1
Project("{FAE04EC0-301F-11D3-BF4B-00C04F79EFBC}") = "Problema_soma-linhas", "Problema_soma-linhas\Problema_soma-linhas.csproj", "{78E21DB6-825D-4157-8DBD-F11E99175E5D}"
EndProject
Global
	GlobalSection(SolutionConfigurationPlatforms) = preSolution
		Debug|Any CPU = Debug|Any CPU
		Release|Any CPU = Release|Any CPU
	EndGlobalSection
	GlobalSection(ProjectConfigurationPlatforms) = postSolution
		{78E21DB6-825D-4157-8DBD-F11E99175E5D}.Debug|Any CPU.ActiveCfg = Debug|Any CPU
		{78E21DB6-825D-4157-8DBD-F11E99175E5D}.Debug|Any CPU.Build.0 = Debug|Any CPU
		{78E21DB6-825D-4157-8DBD-F11E99175E5D}.Release|Any CPU.ActiveCfg = Release|Any CPU
		{78E21DB6-825D-4157-8DBD-F11E99175E5D}.Release|Any CPU.Build.0 = Release|Any CPU
	EndGlobalSection
	GlobalSection(SolutionProperties) = preSolution
		HideSolutionNode = FALSE
	EndGlobalSection
	GlobalSection(ExtensibilityGlobals) = postSolution
		SolutionGuid = {C43EA137-2315-485C-84EF-2A739EA0C9F8}
	EndGlobalSection
EndGlobal
