
Microsoft Visual Studio Solution File, Format Version 12.00
# Visual Studio Version 17
VisualStudioVersion = 17.13.35828.75 d17.13
MinimumVisualStudioVersion = 10.0.40219.1
Project("{FAE04EC0-301F-11D3-BF4B-00C04F79EFBC}") = "Problema_Lanchonete", "Problema_Lanchonete\Problema_Lanchonete.csproj", "{13BF83B2-FC0E-4984-9637-14868D8D9136}"
EndProject
Global
	GlobalSection(SolutionConfigurationPlatforms) = preSolution
		Debug|Any CPU = Debug|Any CPU
		Release|Any CPU = Release|Any CPU
	EndGlobalSection
	GlobalSection(ProjectConfigurationPlatforms) = postSolution
		{13BF83B2-FC0E-4984-9637-14868D8D9136}.Debug|Any CPU.ActiveCfg = Debug|Any CPU
		{13BF83B2-FC0E-4984-9637-14868D8D9136}.Debug|Any CPU.Build.0 = Debug|Any CPU
		{13BF83B2-FC0E-4984-9637-14868D8D9136}.Release|Any CPU.ActiveCfg = Release|Any CPU
		{13BF83B2-FC0E-4984-9637-14868D8D9136}.Release|Any CPU.Build.0 = Release|Any CPU
	EndGlobalSection
	GlobalSection(SolutionProperties) = preSolution
		HideSolutionNode = FALSE
	EndGlobalSection
	GlobalSection(ExtensibilityGlobals) = postSolution
		SolutionGuid = {EA8E5B17-2FAC-4365-A808-834DC50EAA67}
	EndGlobalSection
EndGlobal
