
Microsoft Visual Studio Solution File, Format Version 12.00
# Visual Studio Version 17
VisualStudioVersion = 17.13.35828.75 d17.13
MinimumVisualStudioVersion = 10.0.40219.1
Project("{FAE04EC0-301F-11D3-BF4B-00C04F79EFBC}") = "Problema_numeros-pares", "Problema_numeros-pares\Problema_numeros-pares.csproj", "{0E226D84-6287-49B2-96C6-3788F3687B6B}"
EndProject
Global
	GlobalSection(SolutionConfigurationPlatforms) = preSolution
		Debug|Any CPU = Debug|Any CPU
		Release|Any CPU = Release|Any CPU
	EndGlobalSection
	GlobalSection(ProjectConfigurationPlatforms) = postSolution
		{0E226D84-6287-49B2-96C6-3788F3687B6B}.Debug|Any CPU.ActiveCfg = Debug|Any CPU
		{0E226D84-6287-49B2-96C6-3788F3687B6B}.Debug|Any CPU.Build.0 = Debug|Any CPU
		{0E226D84-6287-49B2-96C6-3788F3687B6B}.Release|Any CPU.ActiveCfg = Release|Any CPU
		{0E226D84-6287-49B2-96C6-3788F3687B6B}.Release|Any CPU.Build.0 = Release|Any CPU
	EndGlobalSection
	GlobalSection(SolutionProperties) = preSolution
		HideSolutionNode = FALSE
	EndGlobalSection
	GlobalSection(ExtensibilityGlobals) = postSolution
		SolutionGuid = {AF986361-BC20-4623-88F1-B6DB6FF8D1DE}
	EndGlobalSection
EndGlobal
