
Microsoft Visual Studio Solution File, Format Version 12.00
# Visual Studio Version 17
VisualStudioVersion = 17.13.35828.75 d17.13
MinimumVisualStudioVersion = 10.0.40219.1
Project("{FAE04EC0-301F-11D3-BF4B-00C04F79EFBC}") = "Problema_ProdutosEmEstoque_This", "Problema_ProdutosEmEstoque_This\Problema_ProdutosEmEstoque_This.csproj", "{AF6F504D-44AA-4874-8B6E-9AA719D50091}"
EndProject
Global
	GlobalSection(SolutionConfigurationPlatforms) = preSolution
		Debug|Any CPU = Debug|Any CPU
		Release|Any CPU = Release|Any CPU
	EndGlobalSection
	GlobalSection(ProjectConfigurationPlatforms) = postSolution
		{AF6F504D-44AA-4874-8B6E-9AA719D50091}.Debug|Any CPU.ActiveCfg = Debug|Any CPU
		{AF6F504D-44AA-4874-8B6E-9AA719D50091}.Debug|Any CPU.Build.0 = Debug|Any CPU
		{AF6F504D-44AA-4874-8B6E-9AA719D50091}.Release|Any CPU.ActiveCfg = Release|Any CPU
		{AF6F504D-44AA-4874-8B6E-9AA719D50091}.Release|Any CPU.Build.0 = Release|Any CPU
	EndGlobalSection
	GlobalSection(SolutionProperties) = preSolution
		HideSolutionNode = FALSE
	EndGlobalSection
	GlobalSection(ExtensibilityGlobals) = postSolution
		SolutionGuid = {9577C3A9-FFC7-4223-BCC8-A992281697F0}
	EndGlobalSection
EndGlobal
