
Microsoft Visual Studio Solution File, Format Version 12.00
# Visual Studio Version 17
VisualStudioVersion = 17.13.35828.75 d17.13
MinimumVisualStudioVersion = 10.0.40219.1
Project("{FAE04EC0-301F-11D3-BF4B-00C04F79EFBC}") = "Problema_pares-consecutivos", "Problema_pares-consecutivos\Problema_pares-consecutivos.csproj", "{C3E7605C-E988-4CD0-A9F6-2435BAA38E7B}"
EndProject
Global
	GlobalSection(SolutionConfigurationPlatforms) = preSolution
		Debug|Any CPU = Debug|Any CPU
		Release|Any CPU = Release|Any CPU
	EndGlobalSection
	GlobalSection(ProjectConfigurationPlatforms) = postSolution
		{C3E7605C-E988-4CD0-A9F6-2435BAA38E7B}.Debug|Any CPU.ActiveCfg = Debug|Any CPU
		{C3E7605C-E988-4CD0-A9F6-2435BAA38E7B}.Debug|Any CPU.Build.0 = Debug|Any CPU
		{C3E7605C-E988-4CD0-A9F6-2435BAA38E7B}.Release|Any CPU.ActiveCfg = Release|Any CPU
		{C3E7605C-E988-4CD0-A9F6-2435BAA38E7B}.Release|Any CPU.Build.0 = Release|Any CPU
	EndGlobalSection
	GlobalSection(SolutionProperties) = preSolution
		HideSolutionNode = FALSE
	EndGlobalSection
	GlobalSection(ExtensibilityGlobals) = postSolution
		SolutionGuid = {BD86FC9B-C356-4595-9C2B-41CEFBF7752E}
	EndGlobalSection
EndGlobal
