
Microsoft Visual Studio Solution File, Format Version 12.00
# Visual Studio Version 17
VisualStudioVersion = 17.13.35828.75 d17.13
MinimumVisualStudioVersion = 10.0.40219.1
Project("{FAE04EC0-301F-11D3-BF4B-00C04F79EFBC}") = "Problema_negativos-matriz", "Problema_negativos-matriz\Problema_negativos-matriz.csproj", "{9E844AF8-615D-43A7-88CF-2D5ED149F396}"
EndProject
Global
	GlobalSection(SolutionConfigurationPlatforms) = preSolution
		Debug|Any CPU = Debug|Any CPU
		Release|Any CPU = Release|Any CPU
	EndGlobalSection
	GlobalSection(ProjectConfigurationPlatforms) = postSolution
		{9E844AF8-615D-43A7-88CF-2D5ED149F396}.Debug|Any CPU.ActiveCfg = Debug|Any CPU
		{9E844AF8-615D-43A7-88CF-2D5ED149F396}.Debug|Any CPU.Build.0 = Debug|Any CPU
		{9E844AF8-615D-43A7-88CF-2D5ED149F396}.Release|Any CPU.ActiveCfg = Release|Any CPU
		{9E844AF8-615D-43A7-88CF-2D5ED149F396}.Release|Any CPU.Build.0 = Release|Any CPU
	EndGlobalSection
	GlobalSection(SolutionProperties) = preSolution
		HideSolutionNode = FALSE
	EndGlobalSection
	GlobalSection(ExtensibilityGlobals) = postSolution
		SolutionGuid = {E1AA9B80-E178-4BCB-96C1-669EC8ADDF16}
	EndGlobalSection
EndGlobal
