
Microsoft Visual Studio Solution File, Format Version 12.00
# Visual Studio Version 17
VisualStudioVersion = 17.13.35828.75 d17.13
MinimumVisualStudioVersion = 10.0.40219.1
Project("{FAE04EC0-301F-11D3-BF4B-00C04F79EFBC}") = "Problema_Alturas", "Problema_Alturas\Problema_Alturas.csproj", "{B931DB40-4847-4357-9563-207A9A9098DC}"
EndProject
Global
	GlobalSection(SolutionConfigurationPlatforms) = preSolution
		Debug|Any CPU = Debug|Any CPU
		Release|Any CPU = Release|Any CPU
	EndGlobalSection
	GlobalSection(ProjectConfigurationPlatforms) = postSolution
		{B931DB40-4847-4357-9563-207A9A9098DC}.Debug|Any CPU.ActiveCfg = Debug|Any CPU
		{B931DB40-4847-4357-9563-207A9A9098DC}.Debug|Any CPU.Build.0 = Debug|Any CPU
		{B931DB40-4847-4357-9563-207A9A9098DC}.Release|Any CPU.ActiveCfg = Release|Any CPU
		{B931DB40-4847-4357-9563-207A9A9098DC}.Release|Any CPU.Build.0 = Release|Any CPU
	EndGlobalSection
	GlobalSection(SolutionProperties) = preSolution
		HideSolutionNode = FALSE
	EndGlobalSection
	GlobalSection(ExtensibilityGlobals) = postSolution
		SolutionGuid = {E8C96145-9B6F-4FF5-A490-4319B5EDB350}
	EndGlobalSection
EndGlobal
