
Microsoft Visual Studio Solution File, Format Version 12.00
# Visual Studio Version 17
VisualStudioVersion = 17.13.35828.75 d17.13
MinimumVisualStudioVersion = 10.0.40219.1
Project("{FAE04EC0-301F-11D3-BF4B-00C04F79EFBC}") = "Problema_MaiorEmenor", "Problema_MaiorEmenor\Problema_MaiorEmenor.csproj", "{5C126C17-2586-4DF3-8C9D-1BEBB3752FA6}"
EndProject
Global
	GlobalSection(SolutionConfigurationPlatforms) = preSolution
		Debug|Any CPU = Debug|Any CPU
		Release|Any CPU = Release|Any CPU
	EndGlobalSection
	GlobalSection(ProjectConfigurationPlatforms) = postSolution
		{5C126C17-2586-4DF3-8C9D-1BEBB3752FA6}.Debug|Any CPU.ActiveCfg = Debug|Any CPU
		{5C126C17-2586-4DF3-8C9D-1BEBB3752FA6}.Debug|Any CPU.Build.0 = Debug|Any CPU
		{5C126C17-2586-4DF3-8C9D-1BEBB3752FA6}.Release|Any CPU.ActiveCfg = Release|Any CPU
		{5C126C17-2586-4DF3-8C9D-1BEBB3752FA6}.Release|Any CPU.Build.0 = Release|Any CPU
	EndGlobalSection
	GlobalSection(SolutionProperties) = preSolution
		HideSolutionNode = FALSE
	EndGlobalSection
	GlobalSection(ExtensibilityGlobals) = postSolution
		SolutionGuid = {04C2238B-404E-4BD1-BB36-25A0DF7276D5}
	EndGlobalSection
EndGlobal
