
Microsoft Visual Studio Solution File, Format Version 12.00
# Visual Studio Version 17
VisualStudioVersion = 17.13.35828.75 d17.13
MinimumVisualStudioVersion = 10.0.40219.1
Project("{FAE04EC0-301F-11D3-BF4B-00C04F79EFBC}") = "Problema_MediaSalario-ComClasses", "Problema_MediaSalario-ComClasses\Problema_MediaSalario-ComClasses.csproj", "{01EA990E-330C-441B-B46E-AA1DE6FF1F8A}"
EndProject
Global
	GlobalSection(SolutionConfigurationPlatforms) = preSolution
		Debug|Any CPU = Debug|Any CPU
		Release|Any CPU = Release|Any CPU
	EndGlobalSection
	GlobalSection(ProjectConfigurationPlatforms) = postSolution
		{01EA990E-330C-441B-B46E-AA1DE6FF1F8A}.Debug|Any CPU.ActiveCfg = Debug|Any CPU
		{01EA990E-330C-441B-B46E-AA1DE6FF1F8A}.Debug|Any CPU.Build.0 = Debug|Any CPU
		{01EA990E-330C-441B-B46E-AA1DE6FF1F8A}.Release|Any CPU.ActiveCfg = Release|Any CPU
		{01EA990E-330C-441B-B46E-AA1DE6FF1F8A}.Release|Any CPU.Build.0 = Release|Any CPU
	EndGlobalSection
	GlobalSection(SolutionProperties) = preSolution
		HideSolutionNode = FALSE
	EndGlobalSection
	GlobalSection(ExtensibilityGlobals) = postSolution
		SolutionGuid = {F02678EB-5ABB-42C0-840B-24A3C6D6090F}
	EndGlobalSection
EndGlobal
