
Microsoft Visual Studio Solution File, Format Version 12.00
# Visual Studio Version 17
VisualStudioVersion = 17.13.35828.75 d17.13
MinimumVisualStudioVersion = 10.0.40219.1
Project("{FAE04EC0-301F-11D3-BF4B-00C04F79EFBC}") = "Problema_ContaBancaria_POO", "Problema_ContaBancaria_POO\Problema_ContaBancaria_POO.csproj", "{2D90C311-C49A-4A48-A03B-B53ACA691619}"
EndProject
Global
	GlobalSection(SolutionConfigurationPlatforms) = preSolution
		Debug|Any CPU = Debug|Any CPU
		Release|Any CPU = Release|Any CPU
	EndGlobalSection
	GlobalSection(ProjectConfigurationPlatforms) = postSolution
		{2D90C311-C49A-4A48-A03B-B53ACA691619}.Debug|Any CPU.ActiveCfg = Debug|Any CPU
		{2D90C311-C49A-4A48-A03B-B53ACA691619}.Debug|Any CPU.Build.0 = Debug|Any CPU
		{2D90C311-C49A-4A48-A03B-B53ACA691619}.Release|Any CPU.ActiveCfg = Release|Any CPU
		{2D90C311-C49A-4A48-A03B-B53ACA691619}.Release|Any CPU.Build.0 = Release|Any CPU
	EndGlobalSection
	GlobalSection(SolutionProperties) = preSolution
		HideSolutionNode = FALSE
	EndGlobalSection
	GlobalSection(ExtensibilityGlobals) = postSolution
		SolutionGuid = {BD8508C6-C096-4350-9014-CA29EA4E833E}
	EndGlobalSection
EndGlobal
