
Microsoft Visual Studio Solution File, Format Version 12.00
# Visual Studio Version 17
VisualStudioVersion = 17.13.35828.75 d17.13
MinimumVisualStudioVersion = 10.0.40219.1
Project("{FAE04EC0-301F-11D3-BF4B-00C04F79EFBC}") = "Problema_TempoDeJogo", "Problema_TempoDeJogo\Problema_TempoDeJogo.csproj", "{D5F1F8FD-E9EF-44DA-83C3-1E96A6996815}"
EndProject
Global
	GlobalSection(SolutionConfigurationPlatforms) = preSolution
		Debug|Any CPU = Debug|Any CPU
		Release|Any CPU = Release|Any CPU
	EndGlobalSection
	GlobalSection(ProjectConfigurationPlatforms) = postSolution
		{D5F1F8FD-E9EF-44DA-83C3-1E96A6996815}.Debug|Any CPU.ActiveCfg = Debug|Any CPU
		{D5F1F8FD-E9EF-44DA-83C3-1E96A6996815}.Debug|Any CPU.Build.0 = Debug|Any CPU
		{D5F1F8FD-E9EF-44DA-83C3-1E96A6996815}.Release|Any CPU.ActiveCfg = Release|Any CPU
		{D5F1F8FD-E9EF-44DA-83C3-1E96A6996815}.Release|Any CPU.Build.0 = Release|Any CPU
	EndGlobalSection
	GlobalSection(SolutionProperties) = preSolution
		HideSolutionNode = FALSE
	EndGlobalSection
	GlobalSection(ExtensibilityGlobals) = postSolution
		SolutionGuid = {5E1FB4BE-A1D5-4272-9677-236F5FFC0D72}
	EndGlobalSection
EndGlobal
