
Microsoft Visual Studio Solution File, Format Version 12.00
# Visual Studio Version 17
VisualStudioVersion = 17.13.35828.75 d17.13
MinimumVisualStudioVersion = 10.0.40219.1
Project("{FAE04EC0-301F-11D3-BF4B-00C04F79EFBC}") = "Problema_Terreno", "Problema_Terreno\Problema_Terreno.csproj", "{DDCBF90D-2D4A-46AE-A24C-7119F5B3C06A}"
EndProject
Global
	GlobalSection(SolutionConfigurationPlatforms) = preSolution
		Debug|Any CPU = Debug|Any CPU
		Release|Any CPU = Release|Any CPU
	EndGlobalSection
	GlobalSection(ProjectConfigurationPlatforms) = postSolution
		{DDCBF90D-2D4A-46AE-A24C-7119F5B3C06A}.Debug|Any CPU.ActiveCfg = Debug|Any CPU
		{DDCBF90D-2D4A-46AE-A24C-7119F5B3C06A}.Debug|Any CPU.Build.0 = Debug|Any CPU
		{DDCBF90D-2D4A-46AE-A24C-7119F5B3C06A}.Release|Any CPU.ActiveCfg = Release|Any CPU
		{DDCBF90D-2D4A-46AE-A24C-7119F5B3C06A}.Release|Any CPU.Build.0 = Release|Any CPU
	EndGlobalSection
	GlobalSection(SolutionProperties) = preSolution
		HideSolutionNode = FALSE
	EndGlobalSection
	GlobalSection(ExtensibilityGlobals) = postSolution
		SolutionGuid = {5FA68894-210F-4B83-8250-0CC795E6115C}
	EndGlobalSection
EndGlobal
