
Microsoft Visual Studio Solution File, Format Version 12.00
# Visual Studio Version 17
VisualStudioVersion = 17.13.35828.75 d17.13
MinimumVisualStudioVersion = 10.0.40219.1
Project("{FAE04EC0-301F-11D3-BF4B-00C04F79EFBC}") = "Problema_soma-vetores", "Problema_soma-vetores\Problema_soma-vetores.csproj", "{724631E7-A3C2-42E0-9F4D-85F1816F6511}"
EndProject
Global
	GlobalSection(SolutionConfigurationPlatforms) = preSolution
		Debug|Any CPU = Debug|Any CPU
		Release|Any CPU = Release|Any CPU
	EndGlobalSection
	GlobalSection(ProjectConfigurationPlatforms) = postSolution
		{724631E7-A3C2-42E0-9F4D-85F1816F6511}.Debug|Any CPU.ActiveCfg = Debug|Any CPU
		{724631E7-A3C2-42E0-9F4D-85F1816F6511}.Debug|Any CPU.Build.0 = Debug|Any CPU
		{724631E7-A3C2-42E0-9F4D-85F1816F6511}.Release|Any CPU.ActiveCfg = Release|Any CPU
		{724631E7-A3C2-42E0-9F4D-85F1816F6511}.Release|Any CPU.Build.0 = Release|Any CPU
	EndGlobalSection
	GlobalSection(SolutionProperties) = preSolution
		HideSolutionNode = FALSE
	EndGlobalSection
	GlobalSection(ExtensibilityGlobals) = postSolution
		SolutionGuid = {56E05059-4BAC-42EE-9CBA-AE01D53F8966}
	EndGlobalSection
EndGlobal
