
Microsoft Visual Studio Solution File, Format Version 12.00
# Visual Studio Version 17
VisualStudioVersion = 17.13.35828.75 d17.13
MinimumVisualStudioVersion = 10.0.40219.1
Project("{FAE04EC0-301F-11D3-BF4B-00C04F79EFBC}") = "Problema_Aprovados", "Problema_Aprovados\Problema_Aprovados.csproj", "{0A9675B0-6038-448A-BD55-D50032D4CBDA}"
EndProject
Global
	GlobalSection(SolutionConfigurationPlatforms) = preSolution
		Debug|Any CPU = Debug|Any CPU
		Release|Any CPU = Release|Any CPU
	EndGlobalSection
	GlobalSection(ProjectConfigurationPlatforms) = postSolution
		{0A9675B0-6038-448A-BD55-D50032D4CBDA}.Debug|Any CPU.ActiveCfg = Debug|Any CPU
		{0A9675B0-6038-448A-BD55-D50032D4CBDA}.Debug|Any CPU.Build.0 = Debug|Any CPU
		{0A9675B0-6038-448A-BD55-D50032D4CBDA}.Release|Any CPU.ActiveCfg = Release|Any CPU
		{0A9675B0-6038-448A-BD55-D50032D4CBDA}.Release|Any CPU.Build.0 = Release|Any CPU
	EndGlobalSection
	GlobalSection(SolutionProperties) = preSolution
		HideSolutionNode = FALSE
	EndGlobalSection
	GlobalSection(ExtensibilityGlobals) = postSolution
		SolutionGuid = {DD0A8537-1146-4E47-A01C-7726002DE1D5}
	EndGlobalSection
EndGlobal
